
Microsoft Visual Studio Solution File, Format Version 12.00
# Visual Studio Version 16
VisualStudioVersion = 16.0.29613.14
MinimumVisualStudioVersion = 10.0.40219.1
Project("{FAE04EC0-301F-11D3-BF4B-00C04F79EFBC}") = "core.mvc.ids", "core.mvc.ids\core.mvc.ids.csproj", "{DCB579EE-8CBE-4FCB-B9F6-179E1E88D78A}"
EndProject
Global
	GlobalSection(SolutionConfigurationPlatforms) = preSolution
		Debug|Any CPU = Debug|Any CPU
		Release|Any CPU = Release|Any CPU
	EndGlobalSection
	GlobalSection(ProjectConfigurationPlatforms) = postSolution
		{DCB579EE-8CBE-4FCB-B9F6-179E1E88D78A}.Debug|Any CPU.ActiveCfg = Debug|Any CPU
		{DCB579EE-8CBE-4FCB-B9F6-179E1E88D78A}.Debug|Any CPU.Build.0 = Debug|Any CPU
		{DCB579EE-8CBE-4FCB-B9F6-179E1E88D78A}.Release|Any CPU.ActiveCfg = Release|Any CPU
		{DCB579EE-8CBE-4FCB-B9F6-179E1E88D78A}.Release|Any CPU.Build.0 = Release|Any CPU
	EndGlobalSection
	GlobalSection(SolutionProperties) = preSolution
		HideSolutionNode = FALSE
	EndGlobalSection
	GlobalSection(ExtensibilityGlobals) = postSolution
		SolutionGuid = {34CEEFD4-F996-4078-833F-F0E959D8C18F}
	EndGlobalSection
EndGlobal
